
Microsoft Visual Studio Solution File, Format Version 12.00
# Visual Studio Version 17
VisualStudioVersion = 17.3.32922.545
MinimumVisualStudioVersion = 10.0.40219.1
Project("{FAE04EC0-301F-11D3-BF4B-00C04F79EFBC}") = "MyDictionary", "MyDictionary\MyDictionary.csproj", "{889D8C73-9CBF-4564-B891-0FC76F6E43A1}"
EndProject
Global
	GlobalSection(SolutionConfigurationPlatforms) = preSolution
		Debug|Any CPU = Debug|Any CPU
		Release|Any CPU = Release|Any CPU
	EndGlobalSection
	GlobalSection(ProjectConfigurationPlatforms) = postSolution
		{889D8C73-9CBF-4564-B891-0FC76F6E43A1}.Debug|Any CPU.ActiveCfg = Debug|Any CPU
		{889D8C73-9CBF-4564-B891-0FC76F6E43A1}.Debug|Any CPU.Build.0 = Debug|Any CPU
		{889D8C73-9CBF-4564-B891-0FC76F6E43A1}.Release|Any CPU.ActiveCfg = Release|Any CPU
		{889D8C73-9CBF-4564-B891-0FC76F6E43A1}.Release|Any CPU.Build.0 = Release|Any CPU
	EndGlobalSection
	GlobalSection(SolutionProperties) = preSolution
		HideSolutionNode = FALSE
	EndGlobalSection
	GlobalSection(ExtensibilityGlobals) = postSolution
		SolutionGuid = {38E00946-1570-4CB2-A101-3E76FC740F87}
	EndGlobalSection
EndGlobal
